// !$*UTF8*$!
{
	archiveVersion = 1;
	classes = {
	};
	objectVersion = 48;
	objects = {

/* Begin PBXBuildFile section */
		042F1507205B3EB000F57795 /* AppDelegate.swift in Sources */ = {isa = PBXBuildFile; fileRef = 042F1506205B3EB000F57795 /* AppDelegate.swift */; };
		042F150E205B3EB000F57795 /* Assets.xcassets in Resources */ = {isa = PBXBuildFile; fileRef = 042F150D205B3EB000F57795 /* Assets.xcassets */; };
		042F1511205B3EB000F57795 /* LaunchScreen.storyboard in Resources */ = {isa = PBXBuildFile; fileRef = 042F150F205B3EB000F57795 /* LaunchScreen.storyboard */; };
		042F151C205B3EB000F57795 /* SendMoneyTests.swift in Sources */ = {isa = PBXBuildFile; fileRef = 042F151B205B3EB000F57795 /* SendMoneyTests.swift */; };
		0437EFD9205D27540049B214 /* RemoteUtils.swift in Sources */ = {isa = PBXBuildFile; fileRef = 0437EFD8205D27540049B214 /* RemoteUtils.swift */; };
		0437EFDE205D2F130049B214 /* HomeContract.swift in Sources */ = {isa = PBXBuildFile; fileRef = 0437EFDD205D2F130049B214 /* HomeContract.swift */; };
		0437EFE0205D30020049B214 /* HomePresenter.swift in Sources */ = {isa = PBXBuildFile; fileRef = 0437EFDF205D30020049B214 /* HomePresenter.swift */; };
		0437EFE4205D305E0049B214 /* GetAuth.swift in Sources */ = {isa = PBXBuildFile; fileRef = 0437EFE3205D305E0049B214 /* GetAuth.swift */; };
		0437EFE8205D34590049B214 /* SessionLocalDataSource.swift in Sources */ = {isa = PBXBuildFile; fileRef = 0437EFE7205D34590049B214 /* SessionLocalDataSource.swift */; };
		0437EFEA205D34C50049B214 /* SessionLocalDataSourceImpl.swift in Sources */ = {isa = PBXBuildFile; fileRef = 0437EFE9205D34C50049B214 /* SessionLocalDataSourceImpl.swift */; };
		0437EFEC205D35F30049B214 /* SaveSessionToken.swift in Sources */ = {isa = PBXBuildFile; fileRef = 0437EFEB205D35F30049B214 /* SaveSessionToken.swift */; };
		0437EFEF205D377B0049B214 /* InjectionLocalDataSource.swift in Sources */ = {isa = PBXBuildFile; fileRef = 0437EFEE205D377B0049B214 /* InjectionLocalDataSource.swift */; };
		0437EFF1205D37D90049B214 /* InjectionRemoteDataSource.swift in Sources */ = {isa = PBXBuildFile; fileRef = 0437EFF0205D37D90049B214 /* InjectionRemoteDataSource.swift */; };
		0437EFF3205D38140049B214 /* InjectionUseCase.swift in Sources */ = {isa = PBXBuildFile; fileRef = 0437EFF2205D38140049B214 /* InjectionUseCase.swift */; };
		0437EFF5205D397E0049B214 /* SendMoneyApplication.swift in Sources */ = {isa = PBXBuildFile; fileRef = 0437EFF4205D397E0049B214 /* SendMoneyApplication.swift */; };
		0437F001205D56140049B214 /* RoundedImageView.swift in Sources */ = {isa = PBXBuildFile; fileRef = 0437F000205D56140049B214 /* RoundedImageView.swift */; };
		0437F005205D5C3E0049B214 /* SendMoneyViewController.swift in Sources */ = {isa = PBXBuildFile; fileRef = 0437F004205D5C3E0049B214 /* SendMoneyViewController.swift */; };
		0437F007205D5C480049B214 /* HistoryViewController.swift in Sources */ = {isa = PBXBuildFile; fileRef = 0437F006205D5C480049B214 /* HistoryViewController.swift */; };
		0437F009205D5C540049B214 /* SendMoney.storyboard in Resources */ = {isa = PBXBuildFile; fileRef = 0437F008205D5C540049B214 /* SendMoney.storyboard */; };
		0437F00B205D5C5D0049B214 /* History.storyboard in Resources */ = {isa = PBXBuildFile; fileRef = 0437F00A205D5C5D0049B214 /* History.storyboard */; };
		0437F00E205D8A270049B214 /* ConfigureViews.swift in Sources */ = {isa = PBXBuildFile; fileRef = 0437F00D205D8A270049B214 /* ConfigureViews.swift */; };
		0437F010205D8EEC0049B214 /* UIDeviceExtension.swift in Sources */ = {isa = PBXBuildFile; fileRef = 0437F00F205D8EEC0049B214 /* UIDeviceExtension.swift */; };
		0437F013205D9F9E0049B214 /* StoryboardLoadable.swift in Sources */ = {isa = PBXBuildFile; fileRef = 0437F012205D9F9E0049B214 /* StoryboardLoadable.swift */; };
		04639536205B58C400258597 /* Home.storyboard in Resources */ = {isa = PBXBuildFile; fileRef = 04639535205B58C400258597 /* Home.storyboard */; };
		04639538205B58DD00258597 /* HomeViewController.swift in Sources */ = {isa = PBXBuildFile; fileRef = 04639537205B58DD00258597 /* HomeViewController.swift */; };
		04639540205B5FF300258597 /* ApiDataSource.swift in Sources */ = {isa = PBXBuildFile; fileRef = 0463953F205B5FF300258597 /* ApiDataSource.swift */; };
		04639542205B60CA00258597 /* BaseCallback.swift in Sources */ = {isa = PBXBuildFile; fileRef = 04639541205B60CA00258597 /* BaseCallback.swift */; };
		04639545205B612900258597 /* CallbackEnum.swift in Sources */ = {isa = PBXBuildFile; fileRef = 04639544205B612900258597 /* CallbackEnum.swift */; };
		7AAA61D81A6EB6EEB2B50FBB /* Pods_SendMoney.framework in Frameworks */ = {isa = PBXBuildFile; fileRef = B0424B751967CE1F6766ECFF /* Pods_SendMoney.framework */; };
		9940AEEB28041FE1EC35750B /* Pods_SendMoneyTests.framework in Frameworks */ = {isa = PBXBuildFile; fileRef = E5D7B6879E5AE5CAA318E0C4 /* Pods_SendMoneyTests.framework */; };
		F4049B3D205BFAD800434B9E /* AuthenticationRemoteDataSourceImpl.swift in Sources */ = {isa = PBXBuildFile; fileRef = F4049B3C205BFAD800434B9E /* AuthenticationRemoteDataSourceImpl.swift */; };
		F4049B3F205BFBF800434B9E /* AuthenticateRemoteDataSource.swift in Sources */ = {isa = PBXBuildFile; fileRef = F4049B3E205BFBF800434B9E /* AuthenticateRemoteDataSource.swift */; };
		F4049B42205C04BA00434B9E /* RoundedBlueButton.swift in Sources */ = {isa = PBXBuildFile; fileRef = F4049B41205C04BA00434B9E /* RoundedBlueButton.swift */; };
		F4049B45205C0AB900434B9E /* UIColorExtension.swift in Sources */ = {isa = PBXBuildFile; fileRef = F4049B44205C0AB900434B9E /* UIColorExtension.swift */; };
/* End PBXBuildFile section */

/* Begin PBXContainerItemProxy section */
		042F1518205B3EB000F57795 /* PBXContainerItemProxy */ = {
			isa = PBXContainerItemProxy;
			containerPortal = 042F14FB205B3EB000F57795 /* Project object */;
			proxyType = 1;
			remoteGlobalIDString = 042F1502205B3EB000F57795;
			remoteInfo = SendMoney;
		};
/* End PBXContainerItemProxy section */

/* Begin PBXFileReference section */
		042F1503205B3EB000F57795 /* SendMoney.app */ = {isa = PBXFileReference; explicitFileType = wrapper.application; includeInIndex = 0; path = SendMoney.app; sourceTree = BUILT_PRODUCTS_DIR; };
		042F1506205B3EB000F57795 /* AppDelegate.swift */ = {isa = PBXFileReference; lastKnownFileType = sourcecode.swift; path = AppDelegate.swift; sourceTree = "<group>"; };
		042F150D205B3EB000F57795 /* Assets.xcassets */ = {isa = PBXFileReference; lastKnownFileType = folder.assetcatalog; path = Assets.xcassets; sourceTree = "<group>"; };
		042F1510205B3EB000F57795 /* Base */ = {isa = PBXFileReference; lastKnownFileType = file.storyboard; name = Base; path = Base.lproj/LaunchScreen.storyboard; sourceTree = "<group>"; };
		042F1512205B3EB000F57795 /* Info.plist */ = {isa = PBXFileReference; lastKnownFileType = text.plist.xml; path = Info.plist; sourceTree = "<group>"; };
		042F1517205B3EB000F57795 /* SendMoneyTests.xctest */ = {isa = PBXFileReference; explicitFileType = wrapper.cfbundle; includeInIndex = 0; path = SendMoneyTests.xctest; sourceTree = BUILT_PRODUCTS_DIR; };
		042F151B205B3EB000F57795 /* SendMoneyTests.swift */ = {isa = PBXFileReference; lastKnownFileType = sourcecode.swift; path = SendMoneyTests.swift; sourceTree = "<group>"; };
		042F151D205B3EB000F57795 /* Info.plist */ = {isa = PBXFileReference; lastKnownFileType = text.plist.xml; path = Info.plist; sourceTree = "<group>"; };
		0437EFD8205D27540049B214 /* RemoteUtils.swift */ = {isa = PBXFileReference; lastKnownFileType = sourcecode.swift; path = RemoteUtils.swift; sourceTree = "<group>"; };
		0437EFDD205D2F130049B214 /* HomeContract.swift */ = {isa = PBXFileReference; lastKnownFileType = sourcecode.swift; path = HomeContract.swift; sourceTree = "<group>"; };
		0437EFDF205D30020049B214 /* HomePresenter.swift */ = {isa = PBXFileReference; lastKnownFileType = sourcecode.swift; path = HomePresenter.swift; sourceTree = "<group>"; };
		0437EFE3205D305E0049B214 /* GetAuth.swift */ = {isa = PBXFileReference; lastKnownFileType = sourcecode.swift; path = GetAuth.swift; sourceTree = "<group>"; };
		0437EFE7205D34590049B214 /* SessionLocalDataSource.swift */ = {isa = PBXFileReference; lastKnownFileType = sourcecode.swift; path = SessionLocalDataSource.swift; sourceTree = "<group>"; };
		0437EFE9205D34C50049B214 /* SessionLocalDataSourceImpl.swift */ = {isa = PBXFileReference; lastKnownFileType = sourcecode.swift; path = SessionLocalDataSourceImpl.swift; sourceTree = "<group>"; };
		0437EFEB205D35F30049B214 /* SaveSessionToken.swift */ = {isa = PBXFileReference; lastKnownFileType = sourcecode.swift; path = SaveSessionToken.swift; sourceTree = "<group>"; };
		0437EFEE205D377B0049B214 /* InjectionLocalDataSource.swift */ = {isa = PBXFileReference; lastKnownFileType = sourcecode.swift; path = InjectionLocalDataSource.swift; sourceTree = "<group>"; };
		0437EFF0205D37D90049B214 /* InjectionRemoteDataSource.swift */ = {isa = PBXFileReference; lastKnownFileType = sourcecode.swift; path = InjectionRemoteDataSource.swift; sourceTree = "<group>"; };
		0437EFF2205D38140049B214 /* InjectionUseCase.swift */ = {isa = PBXFileReference; lastKnownFileType = sourcecode.swift; path = InjectionUseCase.swift; sourceTree = "<group>"; };
		0437EFF4205D397E0049B214 /* SendMoneyApplication.swift */ = {isa = PBXFileReference; lastKnownFileType = sourcecode.swift; path = SendMoneyApplication.swift; sourceTree = "<group>"; };
		0437F000205D56140049B214 /* RoundedImageView.swift */ = {isa = PBXFileReference; lastKnownFileType = sourcecode.swift; path = RoundedImageView.swift; sourceTree = "<group>"; };
		0437F004205D5C3E0049B214 /* SendMoneyViewController.swift */ = {isa = PBXFileReference; lastKnownFileType = sourcecode.swift; path = SendMoneyViewController.swift; sourceTree = "<group>"; };
		0437F006205D5C480049B214 /* HistoryViewController.swift */ = {isa = PBXFileReference; lastKnownFileType = sourcecode.swift; path = HistoryViewController.swift; sourceTree = "<group>"; };
		0437F008205D5C540049B214 /* SendMoney.storyboard */ = {isa = PBXFileReference; lastKnownFileType = file.storyboard; path = SendMoney.storyboard; sourceTree = "<group>"; };
		0437F00A205D5C5D0049B214 /* History.storyboard */ = {isa = PBXFileReference; lastKnownFileType = file.storyboard; path = History.storyboard; sourceTree = "<group>"; };
		0437F00D205D8A270049B214 /* ConfigureViews.swift */ = {isa = PBXFileReference; lastKnownFileType = sourcecode.swift; path = ConfigureViews.swift; sourceTree = "<group>"; };
		0437F00F205D8EEC0049B214 /* UIDeviceExtension.swift */ = {isa = PBXFileReference; lastKnownFileType = sourcecode.swift; path = UIDeviceExtension.swift; sourceTree = "<group>"; };
		0437F012205D9F9E0049B214 /* StoryboardLoadable.swift */ = {isa = PBXFileReference; lastKnownFileType = sourcecode.swift; path = StoryboardLoadable.swift; sourceTree = "<group>"; };
		04639535205B58C400258597 /* Home.storyboard */ = {isa = PBXFileReference; lastKnownFileType = file.storyboard; path = Home.storyboard; sourceTree = "<group>"; };
		04639537205B58DD00258597 /* HomeViewController.swift */ = {isa = PBXFileReference; lastKnownFileType = sourcecode.swift; path = HomeViewController.swift; sourceTree = "<group>"; };
		0463953F205B5FF300258597 /* ApiDataSource.swift */ = {isa = PBXFileReference; lastKnownFileType = sourcecode.swift; path = ApiDataSource.swift; sourceTree = "<group>"; };
		04639541205B60CA00258597 /* BaseCallback.swift */ = {isa = PBXFileReference; lastKnownFileType = sourcecode.swift; path = BaseCallback.swift; sourceTree = "<group>"; };
		04639544205B612900258597 /* CallbackEnum.swift */ = {isa = PBXFileReference; lastKnownFileType = sourcecode.swift; path = CallbackEnum.swift; sourceTree = "<group>"; };
		4BF568AE16BC139C949F0328 /* Pods-SendMoneyTests.release.xcconfig */ = {isa = PBXFileReference; includeInIndex = 1; lastKnownFileType = text.xcconfig; name = "Pods-SendMoneyTests.release.xcconfig"; path = "Pods/Target Support Files/Pods-SendMoneyTests/Pods-SendMoneyTests.release.xcconfig"; sourceTree = "<group>"; };
		5412FE43B45CD15028728F30 /* Pods-SendMoneyTests.debug.xcconfig */ = {isa = PBXFileReference; includeInIndex = 1; lastKnownFileType = text.xcconfig; name = "Pods-SendMoneyTests.debug.xcconfig"; path = "Pods/Target Support Files/Pods-SendMoneyTests/Pods-SendMoneyTests.debug.xcconfig"; sourceTree = "<group>"; };
		71064EC0DC27F6108716813D /* Pods-SendMoney.debug.xcconfig */ = {isa = PBXFileReference; includeInIndex = 1; lastKnownFileType = text.xcconfig; name = "Pods-SendMoney.debug.xcconfig"; path = "Pods/Target Support Files/Pods-SendMoney/Pods-SendMoney.debug.xcconfig"; sourceTree = "<group>"; };
		B0424B751967CE1F6766ECFF /* Pods_SendMoney.framework */ = {isa = PBXFileReference; explicitFileType = wrapper.framework; includeInIndex = 0; path = Pods_SendMoney.framework; sourceTree = BUILT_PRODUCTS_DIR; };
		E5D7B6879E5AE5CAA318E0C4 /* Pods_SendMoneyTests.framework */ = {isa = PBXFileReference; explicitFileType = wrapper.framework; includeInIndex = 0; path = Pods_SendMoneyTests.framework; sourceTree = BUILT_PRODUCTS_DIR; };
		F3FA09B3F38EC755018E257C /* Pods-SendMoney.release.xcconfig */ = {isa = PBXFileReference; includeInIndex = 1; lastKnownFileType = text.xcconfig; name = "Pods-SendMoney.release.xcconfig"; path = "Pods/Target Support Files/Pods-SendMoney/Pods-SendMoney.release.xcconfig"; sourceTree = "<group>"; };
		F4049B3C205BFAD800434B9E /* AuthenticationRemoteDataSourceImpl.swift */ = {isa = PBXFileReference; lastKnownFileType = sourcecode.swift; path = AuthenticationRemoteDataSourceImpl.swift; sourceTree = "<group>"; };
		F4049B3E205BFBF800434B9E /* AuthenticateRemoteDataSource.swift */ = {isa = PBXFileReference; lastKnownFileType = sourcecode.swift; path = AuthenticateRemoteDataSource.swift; sourceTree = "<group>"; };
		F4049B41205C04BA00434B9E /* RoundedBlueButton.swift */ = {isa = PBXFileReference; lastKnownFileType = sourcecode.swift; path = RoundedBlueButton.swift; sourceTree = "<group>"; };
		F4049B44205C0AB900434B9E /* UIColorExtension.swift */ = {isa = PBXFileReference; lastKnownFileType = sourcecode.swift; path = UIColorExtension.swift; sourceTree = "<group>"; };
/* End PBXFileReference section */

/* Begin PBXFrameworksBuildPhase section */
		042F1500205B3EB000F57795 /* Frameworks */ = {
			isa = PBXFrameworksBuildPhase;
			buildActionMask = 2147483647;
			files = (
				7AAA61D81A6EB6EEB2B50FBB /* Pods_SendMoney.framework in Frameworks */,
			);
			runOnlyForDeploymentPostprocessing = 0;
		};
		042F1514205B3EB000F57795 /* Frameworks */ = {
			isa = PBXFrameworksBuildPhase;
			buildActionMask = 2147483647;
			files = (
				9940AEEB28041FE1EC35750B /* Pods_SendMoneyTests.framework in Frameworks */,
			);
			runOnlyForDeploymentPostprocessing = 0;
		};
/* End PBXFrameworksBuildPhase section */

/* Begin PBXGroup section */
		042F14FA205B3EB000F57795 = {
			isa = PBXGroup;
			children = (
				042F1505205B3EB000F57795 /* SendMoney */,
				042F151A205B3EB000F57795 /* SendMoneyTests */,
				042F1504205B3EB000F57795 /* Products */,
				C3A4BF7184B588489EC6786F /* Pods */,
				34A877F402E063CD211A3D69 /* Frameworks */,
			);
			sourceTree = "<group>";
		};
		042F1504205B3EB000F57795 /* Products */ = {
			isa = PBXGroup;
			children = (
				042F1503205B3EB000F57795 /* SendMoney.app */,
				042F1517205B3EB000F57795 /* SendMoneyTests.xctest */,
			);
			name = Products;
			sourceTree = "<group>";
		};
		042F1505205B3EB000F57795 /* SendMoney */ = {
			isa = PBXGroup;
			children = (
				04639539205B5B2100258597 /* Application */,
				F4049B39205BF39E00434B9E /* Infrastructure */,
				0463953C205B5F5200258597 /* Utils */,
				0463953B205B5F3800258597 /* Assets */,
				042F1512205B3EB000F57795 /* Info.plist */,
			);
			path = SendMoney;
			sourceTree = "<group>";
		};
		042F151A205B3EB000F57795 /* SendMoneyTests */ = {
			isa = PBXGroup;
			children = (
				042F151B205B3EB000F57795 /* SendMoneyTests.swift */,
				042F151D205B3EB000F57795 /* Info.plist */,
			);
			path = SendMoneyTests;
			sourceTree = "<group>";
		};
		0437EFE1205D304D0049B214 /* Domain */ = {
			isa = PBXGroup;
			children = (
				0437EFE2205D30580049B214 /* UseCase */,
			);
			path = Domain;
			sourceTree = "<group>";
		};
		0437EFE2205D30580049B214 /* UseCase */ = {
			isa = PBXGroup;
			children = (
				0437EFE3205D305E0049B214 /* GetAuth.swift */,
				0437EFEB205D35F30049B214 /* SaveSessionToken.swift */,
			);
			path = UseCase;
			sourceTree = "<group>";
		};
		0437EFE5205D34090049B214 /* Local */ = {
			isa = PBXGroup;
			children = (
				0437EFE6205D343D0049B214 /* Session */,
			);
			path = Local;
			sourceTree = "<group>";
		};
		0437EFE6205D343D0049B214 /* Session */ = {
			isa = PBXGroup;
			children = (
				0437EFE7205D34590049B214 /* SessionLocalDataSource.swift */,
				0437EFE9205D34C50049B214 /* SessionLocalDataSourceImpl.swift */,
			);
			path = Session;
			sourceTree = "<group>";
		};
		0437EFED205D37670049B214 /* Injections */ = {
			isa = PBXGroup;
			children = (
				0437EFF2205D38140049B214 /* InjectionUseCase.swift */,
				0437EFF0205D37D90049B214 /* InjectionRemoteDataSource.swift */,
				0437EFEE205D377B0049B214 /* InjectionLocalDataSource.swift */,
			);
			path = Injections;
			sourceTree = "<group>";
		};
		0437F002205D5C1F0049B214 /* SendMoney */ = {
			isa = PBXGroup;
			children = (
				0437F004205D5C3E0049B214 /* SendMoneyViewController.swift */,
				0437F008205D5C540049B214 /* SendMoney.storyboard */,
			);
			path = SendMoney;
			sourceTree = "<group>";
		};
		0437F003205D5C2C0049B214 /* History */ = {
			isa = PBXGroup;
			children = (
				0437F006205D5C480049B214 /* HistoryViewController.swift */,
				0437F00A205D5C5D0049B214 /* History.storyboard */,
			);
			path = History;
			sourceTree = "<group>";
		};
		0437F00C205D8A0E0049B214 /* View */ = {
			isa = PBXGroup;
			children = (
				0437F00D205D8A270049B214 /* ConfigureViews.swift */,
			);
			path = View;
			sourceTree = "<group>";
		};
		0437F011205D9F8D0049B214 /* protocols */ = {
			isa = PBXGroup;
			children = (
				0437F012205D9F9E0049B214 /* StoryboardLoadable.swift */,
			);
			path = protocols;
			sourceTree = "<group>";
		};
		04639534205B516B00258597 /* Home */ = {
			isa = PBXGroup;
			children = (
				0437EFE1205D304D0049B214 /* Domain */,
				04639535205B58C400258597 /* Home.storyboard */,
				04639537205B58DD00258597 /* HomeViewController.swift */,
				0437EFDD205D2F130049B214 /* HomeContract.swift */,
				0437EFDF205D30020049B214 /* HomePresenter.swift */,
			);
			path = Home;
			sourceTree = "<group>";
		};
		04639539205B5B2100258597 /* Application */ = {
			isa = PBXGroup;
			children = (
				04639546205B62E500258597 /* Modules */,
				0437EFED205D37670049B214 /* Injections */,
				042F1506205B3EB000F57795 /* AppDelegate.swift */,
				042F150F205B3EB000F57795 /* LaunchScreen.storyboard */,
				0437EFF4205D397E0049B214 /* SendMoneyApplication.swift */,
			);
			path = Application;
			sourceTree = "<group>";
		};
		0463953B205B5F3800258597 /* Assets */ = {
			isa = PBXGroup;
			children = (
				042F150D205B3EB000F57795 /* Assets.xcassets */,
			);
			name = Assets;
			sourceTree = "<group>";
		};
		0463953C205B5F5200258597 /* Utils */ = {
			isa = PBXGroup;
			children = (
				0437F011205D9F8D0049B214 /* protocols */,
				0437F00C205D8A0E0049B214 /* View */,
				0463953D205B5F8600258597 /* DataSource */,
				04639543205B611E00258597 /* Enums */,
				F4049B40205C049700434B9E /* IBDesignables */,
				F4049B43205C0AA100434B9E /* Extension */,
				04639541205B60CA00258597 /* BaseCallback.swift */,
				0437EFD8205D27540049B214 /* RemoteUtils.swift */,
			);
			path = Utils;
			sourceTree = "<group>";
		};
		0463953D205B5F8600258597 /* DataSource */ = {
			isa = PBXGroup;
			children = (
				0463953E205B5F9A00258597 /* Api */,
			);
			path = DataSource;
			sourceTree = "<group>";
		};
		0463953E205B5F9A00258597 /* Api */ = {
			isa = PBXGroup;
			children = (
				0463953F205B5FF300258597 /* ApiDataSource.swift */,
			);
			path = Api;
			sourceTree = "<group>";
		};
		04639543205B611E00258597 /* Enums */ = {
			isa = PBXGroup;
			children = (
				04639544205B612900258597 /* CallbackEnum.swift */,
			);
			path = Enums;
			sourceTree = "<group>";
		};
		04639546205B62E500258597 /* Modules */ = {
			isa = PBXGroup;
			children = (
				04639534205B516B00258597 /* Home */,
				0437F002205D5C1F0049B214 /* SendMoney */,
				0437F003205D5C2C0049B214 /* History */,
			);
			path = Modules;
			sourceTree = "<group>";
		};
		34A877F402E063CD211A3D69 /* Frameworks */ = {
			isa = PBXGroup;
			children = (
				B0424B751967CE1F6766ECFF /* Pods_SendMoney.framework */,
				E5D7B6879E5AE5CAA318E0C4 /* Pods_SendMoneyTests.framework */,
			);
			name = Frameworks;
			sourceTree = "<group>";
		};
		C3A4BF7184B588489EC6786F /* Pods */ = {
			isa = PBXGroup;
			children = (
				71064EC0DC27F6108716813D /* Pods-SendMoney.debug.xcconfig */,
				F3FA09B3F38EC755018E257C /* Pods-SendMoney.release.xcconfig */,
				5412FE43B45CD15028728F30 /* Pods-SendMoneyTests.debug.xcconfig */,
				4BF568AE16BC139C949F0328 /* Pods-SendMoneyTests.release.xcconfig */,
			);
			name = Pods;
			sourceTree = "<group>";
		};
		F4049B39205BF39E00434B9E /* Infrastructure */ = {
			isa = PBXGroup;
			children = (
				0437EFE5205D34090049B214 /* Local */,
				F4049B3A205BF3B200434B9E /* Remote */,
			);
			path = Infrastructure;
			sourceTree = "<group>";
		};
		F4049B3A205BF3B200434B9E /* Remote */ = {
			isa = PBXGroup;
			children = (
				F4049B3B205BF3D300434B9E /* Authentication */,
			);
			path = Remote;
			sourceTree = "<group>";
		};
		F4049B3B205BF3D300434B9E /* Authentication */ = {
			isa = PBXGroup;
			children = (
				F4049B3E205BFBF800434B9E /* AuthenticateRemoteDataSource.swift */,
				F4049B3C205BFAD800434B9E /* AuthenticationRemoteDataSourceImpl.swift */,
			);
			path = Authentication;
			sourceTree = "<group>";
		};
		F4049B40205C049700434B9E /* IBDesignables */ = {
			isa = PBXGroup;
			children = (
				F4049B41205C04BA00434B9E /* RoundedBlueButton.swift */,
				0437F000205D56140049B214 /* RoundedImageView.swift */,
			);
			path = IBDesignables;
			sourceTree = "<group>";
		};
		F4049B43205C0AA100434B9E /* Extension */ = {
			isa = PBXGroup;
			children = (
				F4049B44205C0AB900434B9E /* UIColorExtension.swift */,
				0437F00F205D8EEC0049B214 /* UIDeviceExtension.swift */,
			);
			path = Extension;
			sourceTree = "<group>";
		};
/* End PBXGroup section */

/* Begin PBXNativeTarget section */
		042F1502205B3EB000F57795 /* SendMoney */ = {
			isa = PBXNativeTarget;
			buildConfigurationList = 042F1520205B3EB000F57795 /* Build configuration list for PBXNativeTarget "SendMoney" */;
			buildPhases = (
				3C3B4E8ADE5173F6991390E1 /* [CP] Check Pods Manifest.lock */,
				042F14FF205B3EB000F57795 /* Sources */,
				042F1500205B3EB000F57795 /* Frameworks */,
				042F1501205B3EB000F57795 /* Resources */,
				85CF1383F360143213718F43 /* [CP] Embed Pods Frameworks */,
				311693F037EE531752CEDECE /* [CP] Copy Pods Resources */,
			);
			buildRules = (
			);
			dependencies = (
			);
			name = SendMoney;
			productName = SendMoney;
			productReference = 042F1503205B3EB000F57795 /* SendMoney.app */;
			productType = "com.apple.product-type.application";
		};
		042F1516205B3EB000F57795 /* SendMoneyTests */ = {
			isa = PBXNativeTarget;
			buildConfigurationList = 042F1523205B3EB000F57795 /* Build configuration list for PBXNativeTarget "SendMoneyTests" */;
			buildPhases = (
				36540865518F12DF14F65053 /* [CP] Check Pods Manifest.lock */,
				042F1513205B3EB000F57795 /* Sources */,
				042F1514205B3EB000F57795 /* Frameworks */,
				042F1515205B3EB000F57795 /* Resources */,
				51095791CB1836DA15698EFC /* [CP] Embed Pods Frameworks */,
				E3F1A1AAAB49D0926C9D6175 /* [CP] Copy Pods Resources */,
			);
			buildRules = (
			);
			dependencies = (
				042F1519205B3EB000F57795 /* PBXTargetDependency */,
			);
			name = SendMoneyTests;
			productName = SendMoneyTests;
			productReference = 042F1517205B3EB000F57795 /* SendMoneyTests.xctest */;
			productType = "com.apple.product-type.bundle.unit-test";
		};
/* End PBXNativeTarget section */

/* Begin PBXProject section */
		042F14FB205B3EB000F57795 /* Project object */ = {
			isa = PBXProject;
			attributes = {
				LastSwiftUpdateCheck = 0920;
				LastUpgradeCheck = 0920;
				ORGANIZATIONNAME = Gabe;
				TargetAttributes = {
					042F1502205B3EB000F57795 = {
						CreatedOnToolsVersion = 9.2;
						ProvisioningStyle = Automatic;
					};
					042F1516205B3EB000F57795 = {
						CreatedOnToolsVersion = 9.2;
						ProvisioningStyle = Automatic;
						TestTargetID = 042F1502205B3EB000F57795;
					};
				};
			};
			buildConfigurationList = 042F14FE205B3EB000F57795 /* Build configuration list for PBXProject "SendMoney" */;
			compatibilityVersion = "Xcode 8.0";
			developmentRegion = en;
			hasScannedForEncodings = 0;
			knownRegions = (
				en,
				Base,
			);
			mainGroup = 042F14FA205B3EB000F57795;
			productRefGroup = 042F1504205B3EB000F57795 /* Products */;
			projectDirPath = "";
			projectRoot = "";
			targets = (
				042F1502205B3EB000F57795 /* SendMoney */,
				042F1516205B3EB000F57795 /* SendMoneyTests */,
			);
		};
/* End PBXProject section */

/* Begin PBXResourcesBuildPhase section */
		042F1501205B3EB000F57795 /* Resources */ = {
			isa = PBXResourcesBuildPhase;
			buildActionMask = 2147483647;
			files = (
				042F1511205B3EB000F57795 /* LaunchScreen.storyboard in Resources */,
				0437F009205D5C540049B214 /* SendMoney.storyboard in Resources */,
				042F150E205B3EB000F57795 /* Assets.xcassets in Resources */,
				0437F00B205D5C5D0049B214 /* History.storyboard in Resources */,
				04639536205B58C400258597 /* Home.storyboard in Resources */,
			);
			runOnlyForDeploymentPostprocessing = 0;
		};
		042F1515205B3EB000F57795 /* Resources */ = {
			isa = PBXResourcesBuildPhase;
			buildActionMask = 2147483647;
			files = (
			);
			runOnlyForDeploymentPostprocessing = 0;
		};
/* End PBXResourcesBuildPhase section */

/* Begin PBXShellScriptBuildPhase section */
		311693F037EE531752CEDECE /* [CP] Copy Pods Resources */ = {
			isa = PBXShellScriptBuildPhase;
			buildActionMask = 2147483647;
			files = (
			);
			inputPaths = (
			);
			name = "[CP] Copy Pods Resources";
			outputPaths = (
			);
			runOnlyForDeploymentPostprocessing = 0;
			shellPath = /bin/sh;
			shellScript = "\"${SRCROOT}/Pods/Target Support Files/Pods-SendMoney/Pods-SendMoney-resources.sh\"\n";
			showEnvVarsInLog = 0;
		};
		36540865518F12DF14F65053 /* [CP] Check Pods Manifest.lock */ = {
			isa = PBXShellScriptBuildPhase;
			buildActionMask = 2147483647;
			files = (
			);
			inputPaths = (
				"${PODS_PODFILE_DIR_PATH}/Podfile.lock",
				"${PODS_ROOT}/Manifest.lock",
			);
			name = "[CP] Check Pods Manifest.lock";
			outputPaths = (
				"$(DERIVED_FILE_DIR)/Pods-SendMoneyTests-checkManifestLockResult.txt",
			);
			runOnlyForDeploymentPostprocessing = 0;
			shellPath = /bin/sh;
			shellScript = "diff \"${PODS_ROOT}/../Podfile.lock\" \"${PODS_ROOT}/Manifest.lock\" > /dev/null\nif [ $? != 0 ] ; then\n    # print error to STDERR\n    echo \"error: The sandbox is not in sync with the Podfile.lock. Run 'pod install' or update your CocoaPods installation.\" >&2\n    exit 1\nfi\n";
			showEnvVarsInLog = 0;
		};
		3C3B4E8ADE5173F6991390E1 /* [CP] Check Pods Manifest.lock */ = {
			isa = PBXShellScriptBuildPhase;
			buildActionMask = 2147483647;
			files = (
			);
			inputPaths = (
				"${PODS_PODFILE_DIR_PATH}/Podfile.lock",
				"${PODS_ROOT}/Manifest.lock",
			);
			name = "[CP] Check Pods Manifest.lock";
			outputPaths = (
				"$(DERIVED_FILE_DIR)/Pods-SendMoney-checkManifestLockResult.txt",
			);
			runOnlyForDeploymentPostprocessing = 0;
			shellPath = /bin/sh;
			shellScript = "diff \"${PODS_ROOT}/../Podfile.lock\" \"${PODS_ROOT}/Manifest.lock\" > /dev/null\nif [ $? != 0 ] ; then\n    # print error to STDERR\n    echo \"error: The sandbox is not in sync with the Podfile.lock. Run 'pod install' or update your CocoaPods installation.\" >&2\n    exit 1\nfi\n";
			showEnvVarsInLog = 0;
		};
		51095791CB1836DA15698EFC /* [CP] Embed Pods Frameworks */ = {
			isa = PBXShellScriptBuildPhase;
			buildActionMask = 2147483647;
			files = (
			);
			inputPaths = (
				"${SRCROOT}/Pods/Target Support Files/Pods-SendMoneyTests/Pods-SendMoneyTests-frameworks.sh",
				"${BUILT_PRODUCTS_DIR}/Nimble/Nimble.framework",
				"${BUILT_PRODUCTS_DIR}/Quick/Quick.framework",
			);
			name = "[CP] Embed Pods Frameworks";
			outputPaths = (
				"${TARGET_BUILD_DIR}/${FRAMEWORKS_FOLDER_PATH}/Nimble.framework",
				"${TARGET_BUILD_DIR}/${FRAMEWORKS_FOLDER_PATH}/Quick.framework",
			);
			runOnlyForDeploymentPostprocessing = 0;
			shellPath = /bin/sh;
			shellScript = "\"${SRCROOT}/Pods/Target Support Files/Pods-SendMoneyTests/Pods-SendMoneyTests-frameworks.sh\"\n";
			showEnvVarsInLog = 0;
		};
		85CF1383F360143213718F43 /* [CP] Embed Pods Frameworks */ = {
			isa = PBXShellScriptBuildPhase;
			buildActionMask = 2147483647;
			files = (
			);
			inputPaths = (
				"${SRCROOT}/Pods/Target Support Files/Pods-SendMoney/Pods-SendMoney-frameworks.sh",
				"${BUILT_PRODUCTS_DIR}/Alamofire/Alamofire.framework",
				"${BUILT_PRODUCTS_DIR}/SwiftyJSON/SwiftyJSON.framework",
				"${BUILT_PRODUCTS_DIR}/UIColor_Hex_Swift/UIColor_Hex_Swift.framework",
			);
			name = "[CP] Embed Pods Frameworks";
			outputPaths = (
				"${TARGET_BUILD_DIR}/${FRAMEWORKS_FOLDER_PATH}/Alamofire.framework",
				"${TARGET_BUILD_DIR}/${FRAMEWORKS_FOLDER_PATH}/SwiftyJSON.framework",
				"${TARGET_BUILD_DIR}/${FRAMEWORKS_FOLDER_PATH}/UIColor_Hex_Swift.framework",
			);
			runOnlyForDeploymentPostprocessing = 0;
			shellPath = /bin/sh;
			shellScript = "\"${SRCROOT}/Pods/Target Support Files/Pods-SendMoney/Pods-SendMoney-frameworks.sh\"\n";
			showEnvVarsInLog = 0;
		};
		E3F1A1AAAB49D0926C9D6175 /* [CP] Copy Pods Resources */ = {
			isa = PBXShellScriptBuildPhase;
			buildActionMask = 2147483647;
			files = (
			);
			inputPaths = (
			);
			name = "[CP] Copy Pods Resources";
			outputPaths = (
			);
			runOnlyForDeploymentPostprocessing = 0;
			shellPath = /bin/sh;
			shellScript = "\"${SRCROOT}/Pods/Target Support Files/Pods-SendMoneyTests/Pods-SendMoneyTests-resources.sh\"\n";
			showEnvVarsInLog = 0;
		};
/* End PBXShellScriptBuildPhase section */

/* Begin PBXSourcesBuildPhase section */
		042F14FF205B3EB000F57795 /* Sources */ = {
			isa = PBXSourcesBuildPhase;
			buildActionMask = 2147483647;
			files = (
				0437F010205D8EEC0049B214 /* UIDeviceExtension.swift in Sources */,
				04639545205B612900258597 /* CallbackEnum.swift in Sources */,
				0437F007205D5C480049B214 /* HistoryViewController.swift in Sources */,
				F4049B3F205BFBF800434B9E /* AuthenticateRemoteDataSource.swift in Sources */,
				0437EFF1205D37D90049B214 /* InjectionRemoteDataSource.swift in Sources */,
				042F1507205B3EB000F57795 /* AppDelegate.swift in Sources */,
				0437EFE0205D30020049B214 /* HomePresenter.swift in Sources */,
				0437EFD9205D27540049B214 /* RemoteUtils.swift in Sources */,
				0437EFEC205D35F30049B214 /* SaveSessionToken.swift in Sources */,
				0437EFEA205D34C50049B214 /* SessionLocalDataSourceImpl.swift in Sources */,
				F4049B3D205BFAD800434B9E /* AuthenticationRemoteDataSourceImpl.swift in Sources */,
				F4049B45205C0AB900434B9E /* UIColorExtension.swift in Sources */,
				0437EFDE205D2F130049B214 /* HomeContract.swift in Sources */,
				0437F005205D5C3E0049B214 /* SendMoneyViewController.swift in Sources */,
				0437EFF5205D397E0049B214 /* SendMoneyApplication.swift in Sources */,
				0437EFEF205D377B0049B214 /* InjectionLocalDataSource.swift in Sources */,
				0437EFE8205D34590049B214 /* SessionLocalDataSource.swift in Sources */,
				0437EFF3205D38140049B214 /* InjectionUseCase.swift in Sources */,
				0437EFE4205D305E0049B214 /* GetAuth.swift in Sources */,
				0437F00E205D8A270049B214 /* ConfigureViews.swift in Sources */,
				0437F013205D9F9E0049B214 /* StoryboardLoadable.swift in Sources */,
				04639542205B60CA00258597 /* BaseCallback.swift in Sources */,
				04639540205B5FF300258597 /* ApiDataSource.swift in Sources */,
				04639538205B58DD00258597 /* HomeViewController.swift in Sources */,
				F4049B42205C04BA00434B9E /* RoundedBlueButton.swift in Sources */,
				0437F001205D56140049B214 /* RoundedImageView.swift in Sources */,
			);
			runOnlyForDeploymentPostprocessing = 0;
		};
		042F1513205B3EB000F57795 /* Sources */ = {
			isa = PBXSourcesBuildPhase;
			buildActionMask = 2147483647;
			files = (
				042F151C205B3EB000F57795 /* SendMoneyTests.swift in Sources */,
			);
			runOnlyForDeploymentPostprocessing = 0;
		};
/* End PBXSourcesBuildPhase section */

/* Begin PBXTargetDependency section */
		042F1519205B3EB000F57795 /* PBXTargetDependency */ = {
			isa = PBXTargetDependency;
			target = 042F1502205B3EB000F57795 /* SendMoney */;
			targetProxy = 042F1518205B3EB000F57795 /* PBXContainerItemProxy */;
		};
/* End PBXTargetDependency section */

/* Begin PBXVariantGroup section */
		042F150F205B3EB000F57795 /* LaunchScreen.storyboard */ = {
			isa = PBXVariantGroup;
			children = (
				042F1510205B3EB000F57795 /* Base */,
			);
			name = LaunchScreen.storyboard;
			sourceTree = "<group>";
		};
/* End PBXVariantGroup section */

/* Begin XCBuildConfiguration section */
		042F151E205B3EB000F57795 /* Debug */ = {
			isa = XCBuildConfiguration;
			buildSettings = {
				ALWAYS_SEARCH_USER_PATHS = NO;
				CLANG_ANALYZER_NONNULL = YES;
				CLANG_ANALYZER_NUMBER_OBJECT_CONVERSION = YES_AGGRESSIVE;
				CLANG_CXX_LANGUAGE_STANDARD = "gnu++14";
				CLANG_CXX_LIBRARY = "libc++";
				CLANG_ENABLE_MODULES = YES;
				CLANG_ENABLE_OBJC_ARC = YES;
				CLANG_WARN_BLOCK_CAPTURE_AUTORELEASING = YES;
				CLANG_WARN_BOOL_CONVERSION = YES;
				CLANG_WARN_COMMA = YES;
				CLANG_WARN_CONSTANT_CONVERSION = YES;
				CLANG_WARN_DIRECT_OBJC_ISA_USAGE = YES_ERROR;
				CLANG_WARN_DOCUMENTATION_COMMENTS = YES;
				CLANG_WARN_EMPTY_BODY = YES;
				CLANG_WARN_ENUM_CONVERSION = YES;
				CLANG_WARN_INFINITE_RECURSION = YES;
				CLANG_WARN_INT_CONVERSION = YES;
				CLANG_WARN_NON_LITERAL_NULL_CONVERSION = YES;
				CLANG_WARN_OBJC_LITERAL_CONVERSION = YES;
				CLANG_WARN_OBJC_ROOT_CLASS = YES_ERROR;
				CLANG_WARN_RANGE_LOOP_ANALYSIS = YES;
				CLANG_WARN_STRICT_PROTOTYPES = YES;
				CLANG_WARN_SUSPICIOUS_MOVE = YES;
				CLANG_WARN_UNGUARDED_AVAILABILITY = YES_AGGRESSIVE;
				CLANG_WARN_UNREACHABLE_CODE = YES;
				CLANG_WARN__DUPLICATE_METHOD_MATCH = YES;
				CODE_SIGN_IDENTITY = "iPhone Developer";
				COPY_PHASE_STRIP = NO;
				DEBUG_INFORMATION_FORMAT = dwarf;
				ENABLE_STRICT_OBJC_MSGSEND = YES;
				ENABLE_TESTABILITY = YES;
				GCC_C_LANGUAGE_STANDARD = gnu11;
				GCC_DYNAMIC_NO_PIC = NO;
				GCC_NO_COMMON_BLOCKS = YES;
				GCC_OPTIMIZATION_LEVEL = 0;
				GCC_PREPROCESSOR_DEFINITIONS = (
					"DEBUG=1",
					"$(inherited)",
				);
				GCC_WARN_64_TO_32_BIT_CONVERSION = YES;
				GCC_WARN_ABOUT_RETURN_TYPE = YES_ERROR;
				GCC_WARN_UNDECLARED_SELECTOR = YES;
				GCC_WARN_UNINITIALIZED_AUTOS = YES_AGGRESSIVE;
				GCC_WARN_UNUSED_FUNCTION = YES;
				GCC_WARN_UNUSED_VARIABLE = YES;
				IPHONEOS_DEPLOYMENT_TARGET = 11.2;
				MTL_ENABLE_DEBUG_INFO = YES;
				ONLY_ACTIVE_ARCH = YES;
				SDKROOT = iphoneos;
				SWIFT_ACTIVE_COMPILATION_CONDITIONS = DEBUG;
				SWIFT_OPTIMIZATION_LEVEL = "-Onone";
			};
			name = Debug;
		};
		042F151F205B3EB000F57795 /* Release */ = {
			isa = XCBuildConfiguration;
			buildSettings = {
				ALWAYS_SEARCH_USER_PATHS = NO;
				CLANG_ANALYZER_NONNULL = YES;
				CLANG_ANALYZER_NUMBER_OBJECT_CONVERSION = YES_AGGRESSIVE;
				CLANG_CXX_LANGUAGE_STANDARD = "gnu++14";
				CLANG_CXX_LIBRARY = "libc++";
				CLANG_ENABLE_MODULES = YES;
				CLANG_ENABLE_OBJC_ARC = YES;
				CLANG_WARN_BLOCK_CAPTURE_AUTORELEASING = YES;
				CLANG_WARN_BOOL_CONVERSION = YES;
				CLANG_WARN_COMMA = YES;
				CLANG_WARN_CONSTANT_CONVERSION = YES;
				CLANG_WARN_DIRECT_OBJC_ISA_USAGE = YES_ERROR;
				CLANG_WARN_DOCUMENTATION_COMMENTS = YES;
				CLANG_WARN_EMPTY_BODY = YES;
				CLANG_WARN_ENUM_CONVERSION = YES;
				CLANG_WARN_INFINITE_RECURSION = YES;
				CLANG_WARN_INT_CONVERSION = YES;
				CLANG_WARN_NON_LITERAL_NULL_CONVERSION = YES;
				CLANG_WARN_OBJC_LITERAL_CONVERSION = YES;
				CLANG_WARN_OBJC_ROOT_CLASS = YES_ERROR;
				CLANG_WARN_RANGE_LOOP_ANALYSIS = YES;
				CLANG_WARN_STRICT_PROTOTYPES = YES;
				CLANG_WARN_SUSPICIOUS_MOVE = YES;
				CLANG_WARN_UNGUARDED_AVAILABILITY = YES_AGGRESSIVE;
				CLANG_WARN_UNREACHABLE_CODE = YES;
				CLANG_WARN__DUPLICATE_METHOD_MATCH = YES;
				CODE_SIGN_IDENTITY = "iPhone Developer";
				COPY_PHASE_STRIP = NO;
				DEBUG_INFORMATION_FORMAT = "dwarf-with-dsym";
				ENABLE_NS_ASSERTIONS = NO;
				ENABLE_STRICT_OBJC_MSGSEND = YES;
				GCC_C_LANGUAGE_STANDARD = gnu11;
				GCC_NO_COMMON_BLOCKS = YES;
				GCC_WARN_64_TO_32_BIT_CONVERSION = YES;
				GCC_WARN_ABOUT_RETURN_TYPE = YES_ERROR;
				GCC_WARN_UNDECLARED_SELECTOR = YES;
				GCC_WARN_UNINITIALIZED_AUTOS = YES_AGGRESSIVE;
				GCC_WARN_UNUSED_FUNCTION = YES;
				GCC_WARN_UNUSED_VARIABLE = YES;
				IPHONEOS_DEPLOYMENT_TARGET = 11.2;
				MTL_ENABLE_DEBUG_INFO = NO;
				SDKROOT = iphoneos;
				SWIFT_OPTIMIZATION_LEVEL = "-Owholemodule";
				VALIDATE_PRODUCT = YES;
			};
			name = Release;
		};
		042F1521205B3EB000F57795 /* Debug */ = {
			isa = XCBuildConfiguration;
			baseConfigurationReference = 71064EC0DC27F6108716813D /* Pods-SendMoney.debug.xcconfig */;
			buildSettings = {
				ASSETCATALOG_COMPILER_APPICON_NAME = AppIcon;
				CODE_SIGN_STYLE = Automatic;
				DEVELOPMENT_TEAM = UJSU72ZSSJ;
				INFOPLIST_FILE = SendMoney/Info.plist;
				LD_RUNPATH_SEARCH_PATHS = "$(inherited) @executable_path/Frameworks";
				PRODUCT_BUNDLE_IDENTIFIER = br.com.gabe.SendMoney;
				PRODUCT_NAME = "$(TARGET_NAME)";
				SWIFT_VERSION = 4.0;
				TARGETED_DEVICE_FAMILY = "1,2";
			};
			name = Debug;
		};
		042F1522205B3EB000F57795 /* Release */ = {
			isa = XCBuildConfiguration;
			baseConfigurationReference = F3FA09B3F38EC755018E257C /* Pods-SendMoney.release.xcconfig */;
			buildSettings = {
				ASSETCATALOG_COMPILER_APPICON_NAME = AppIcon;
				CODE_SIGN_STYLE = Automatic;
				DEVELOPMENT_TEAM = UJSU72ZSSJ;
				INFOPLIST_FILE = SendMoney/Info.plist;
				LD_RUNPATH_SEARCH_PATHS = "$(inherited) @executable_path/Frameworks";
				PRODUCT_BUNDLE_IDENTIFIER = br.com.gabe.SendMoney;
				PRODUCT_NAME = "$(TARGET_NAME)";
				SWIFT_VERSION = 4.0;
				TARGETED_DEVICE_FAMILY = "1,2";
			};
			name = Release;
		};
		042F1524205B3EB000F57795 /* Debug */ = {
			isa = XCBuildConfiguration;
			baseConfigurationReference = 5412FE43B45CD15028728F30 /* Pods-SendMoneyTests.debug.xcconfig */;
			buildSettings = {
				ALWAYS_EMBED_SWIFT_STANDARD_LIBRARIES = YES;
				BUNDLE_LOADER = "$(TEST_HOST)";
				CODE_SIGN_STYLE = Automatic;
				DEVELOPMENT_TEAM = UJSU72ZSSJ;
				INFOPLIST_FILE = SendMoneyTests/Info.plist;
				LD_RUNPATH_SEARCH_PATHS = "$(inherited) @executable_path/Frameworks @loader_path/Frameworks";
				PRODUCT_BUNDLE_IDENTIFIER = br.com.gabe.SendMoneyTests;
				PRODUCT_NAME = "$(TARGET_NAME)";
				SWIFT_VERSION = 4.0;
				TARGETED_DEVICE_FAMILY = "1,2";
				TEST_HOST = "$(BUILT_PRODUCTS_DIR)/SendMoney.app/SendMoney";
			};
			name = Debug;
		};
		042F1525205B3EB000F57795 /* Release */ = {
			isa = XCBuildConfiguration;
			baseConfigurationReference = 4BF568AE16BC139C949F0328 /* Pods-SendMoneyTests.release.xcconfig */;
			buildSettings = {
				ALWAYS_EMBED_SWIFT_STANDARD_LIBRARIES = YES;
				BUNDLE_LOADER = "$(TEST_HOST)";
				CODE_SIGN_STYLE = Automatic;
				DEVELOPMENT_TEAM = UJSU72ZSSJ;
				INFOPLIST_FILE = SendMoneyTests/Info.plist;
				LD_RUNPATH_SEARCH_PATHS = "$(inherited) @executable_path/Frameworks @loader_path/Frameworks";
				PRODUCT_BUNDLE_IDENTIFIER = br.com.gabe.SendMoneyTests;
				PRODUCT_NAME = "$(TARGET_NAME)";
				SWIFT_VERSION = 4.0;
				TARGETED_DEVICE_FAMILY = "1,2";
				TEST_HOST = "$(BUILT_PRODUCTS_DIR)/SendMoney.app/SendMoney";
			};
			name = Release;
		};
/* End XCBuildConfiguration section */

/* Begin XCConfigurationList section */
		042F14FE205B3EB000F57795 /* Build configuration list for PBXProject "SendMoney" */ = {
			isa = XCConfigurationList;
			buildConfigurations = (
				042F151E205B3EB000F57795 /* Debug */,
				042F151F205B3EB000F57795 /* Release */,
			);
			defaultConfigurationIsVisible = 0;
			defaultConfigurationName = Release;
		};
		042F1520205B3EB000F57795 /* Build configuration list for PBXNativeTarget "SendMoney" */ = {
			isa = XCConfigurationList;
			buildConfigurations = (
				042F1521205B3EB000F57795 /* Debug */,
				042F1522205B3EB000F57795 /* Release */,
			);
			defaultConfigurationIsVisible = 0;
			defaultConfigurationName = Release;
		};
		042F1523205B3EB000F57795 /* Build configuration list for PBXNativeTarget "SendMoneyTests" */ = {
			isa = XCConfigurationList;
			buildConfigurations = (
				042F1524205B3EB000F57795 /* Debug */,
				042F1525205B3EB000F57795 /* Release */,
			);
			defaultConfigurationIsVisible = 0;
			defaultConfigurationName = Release;
		};
/* End XCConfigurationList section */
	};
	rootObject = 042F14FB205B3EB000F57795 /* Project object */;
}
